
Microsoft Visual Studio Solution File, Format Version 12.00
# Visual Studio Version 16
VisualStudioVersion = 16.0.32126.315
MinimumVisualStudioVersion = 10.0.40219.1
Project("{9A19103F-16F7-4668-BE54-9A1E7A4F7556}") = "BasicTests", "StudiesOnTestsWithXUnit\BasicTests.csproj", "{A1721F95-D828-4064-BF8B-F82535859FE9}"
EndProject
Project("{2150E333-8FDC-42A3-9474-1A3956D46DE8}") = "BasicTests", "BasicTests", "{C6725DAB-8E87-40B2-B54A-FB450A1CB94B}"
EndProject
Project("{FAE04EC0-301F-11D3-BF4B-00C04F79EFBC}") = "BasicTests.Tests", "BasicTests.Tests\BasicTests.Tests.csproj", "{402E52A6-69CA-4CFC-95BC-C170DD5ABEEA}"
EndProject
Global
	GlobalSection(SolutionConfigurationPlatforms) = preSolution
		Debug|Any CPU = Debug|Any CPU
		Release|Any CPU = Release|Any CPU
	EndGlobalSection
	GlobalSection(ProjectConfigurationPlatforms) = postSolution
		{A1721F95-D828-4064-BF8B-F82535859FE9}.Debug|Any CPU.ActiveCfg = Debug|Any CPU
		{A1721F95-D828-4064-BF8B-F82535859FE9}.Debug|Any CPU.Build.0 = Debug|Any CPU
		{A1721F95-D828-4064-BF8B-F82535859FE9}.Release|Any CPU.ActiveCfg = Release|Any CPU
		{A1721F95-D828-4064-BF8B-F82535859FE9}.Release|Any CPU.Build.0 = Release|Any CPU
		{402E52A6-69CA-4CFC-95BC-C170DD5ABEEA}.Debug|Any CPU.ActiveCfg = Debug|Any CPU
		{402E52A6-69CA-4CFC-95BC-C170DD5ABEEA}.Debug|Any CPU.Build.0 = Debug|Any CPU
		{402E52A6-69CA-4CFC-95BC-C170DD5ABEEA}.Release|Any CPU.ActiveCfg = Release|Any CPU
		{402E52A6-69CA-4CFC-95BC-C170DD5ABEEA}.Release|Any CPU.Build.0 = Release|Any CPU
	EndGlobalSection
	GlobalSection(SolutionProperties) = preSolution
		HideSolutionNode = FALSE
	EndGlobalSection
	GlobalSection(NestedProjects) = preSolution
		{A1721F95-D828-4064-BF8B-F82535859FE9} = {C6725DAB-8E87-40B2-B54A-FB450A1CB94B}
		{402E52A6-69CA-4CFC-95BC-C170DD5ABEEA} = {C6725DAB-8E87-40B2-B54A-FB450A1CB94B}
	EndGlobalSection
	GlobalSection(ExtensibilityGlobals) = postSolution
		SolutionGuid = {3BD7E569-F141-44AF-88C9-C88387C09941}
	EndGlobalSection
EndGlobal
